
Microsoft Visual Studio Solution File, Format Version 12.00
# Visual Studio Version 16
VisualStudioVersion = 16.0.31613.86
MinimumVisualStudioVersion = 10.0.40219.1
Project("{FAE04EC0-301F-11D3-BF4B-00C04F79EFBC}") = "IFSAero.Android", "IFSAero\IFSAero.Android\IFSAero.Android.csproj", "{B88AC97E-0A27-4D31-9690-A0DFBC9A7B8D}"
EndProject
Project("{FAE04EC0-301F-11D3-BF4B-00C04F79EFBC}") = "IFSAero.iOS", "IFSAero\IFSAero.iOS\IFSAero.iOS.csproj", "{3FF26A6D-A93A-4E4C-AB43-C748ED751B09}"
EndProject
Project("{FAE04EC0-301F-11D3-BF4B-00C04F79EFBC}") = "IFSAero", "IFSAero\IFSAero\IFSAero.csproj", "{131811F7-DCC0-4C24-B81B-0CD6C1BE4C0B}"
EndProject
Global
	GlobalSection(SolutionConfigurationPlatforms) = preSolution
		Debug|Any CPU = Debug|Any CPU
		Debug|iPhone = Debug|iPhone
		Debug|iPhoneSimulator = Debug|iPhoneSimulator
		Release|Any CPU = Release|Any CPU
		Release|iPhone = Release|iPhone
		Release|iPhoneSimulator = Release|iPhoneSimulator
	EndGlobalSection
	GlobalSection(ProjectConfigurationPlatforms) = postSolution
		{B88AC97E-0A27-4D31-9690-A0DFBC9A7B8D}.Debug|Any CPU.ActiveCfg = Debug|Any CPU
		{B88AC97E-0A27-4D31-9690-A0DFBC9A7B8D}.Debug|Any CPU.Build.0 = Debug|Any CPU
		{B88AC97E-0A27-4D31-9690-A0DFBC9A7B8D}.Debug|Any CPU.Deploy.0 = Debug|Any CPU
		{B88AC97E-0A27-4D31-9690-A0DFBC9A7B8D}.Debug|iPhone.ActiveCfg = Debug|Any CPU
		{B88AC97E-0A27-4D31-9690-A0DFBC9A7B8D}.Debug|iPhone.Build.0 = Debug|Any CPU
		{B88AC97E-0A27-4D31-9690-A0DFBC9A7B8D}.Debug|iPhone.Deploy.0 = Debug|Any CPU
		{B88AC97E-0A27-4D31-9690-A0DFBC9A7B8D}.Debug|iPhoneSimulator.ActiveCfg = Debug|Any CPU
		{B88AC97E-0A27-4D31-9690-A0DFBC9A7B8D}.Debug|iPhoneSimulator.Build.0 = Debug|Any CPU
		{B88AC97E-0A27-4D31-9690-A0DFBC9A7B8D}.Debug|iPhoneSimulator.Deploy.0 = Debug|Any CPU
		{B88AC97E-0A27-4D31-9690-A0DFBC9A7B8D}.Release|Any CPU.ActiveCfg = Release|Any CPU
		{B88AC97E-0A27-4D31-9690-A0DFBC9A7B8D}.Release|Any CPU.Build.0 = Release|Any CPU
		{B88AC97E-0A27-4D31-9690-A0DFBC9A7B8D}.Release|Any CPU.Deploy.0 = Release|Any CPU
		{B88AC97E-0A27-4D31-9690-A0DFBC9A7B8D}.Release|iPhone.ActiveCfg = Release|Any CPU
		{B88AC97E-0A27-4D31-9690-A0DFBC9A7B8D}.Release|iPhone.Build.0 = Release|Any CPU
		{B88AC97E-0A27-4D31-9690-A0DFBC9A7B8D}.Release|iPhone.Deploy.0 = Release|Any CPU
		{B88AC97E-0A27-4D31-9690-A0DFBC9A7B8D}.Release|iPhoneSimulator.ActiveCfg = Release|Any CPU
		{B88AC97E-0A27-4D31-9690-A0DFBC9A7B8D}.Release|iPhoneSimulator.Build.0 = Release|Any CPU
		{B88AC97E-0A27-4D31-9690-A0DFBC9A7B8D}.Release|iPhoneSimulator.Deploy.0 = Release|Any CPU
		{3FF26A6D-A93A-4E4C-AB43-C748ED751B09}.Debug|Any CPU.ActiveCfg = Debug|iPhone
		{3FF26A6D-A93A-4E4C-AB43-C748ED751B09}.Debug|Any CPU.Build.0 = Debug|iPhone
		{3FF26A6D-A93A-4E4C-AB43-C748ED751B09}.Debug|Any CPU.Deploy.0 = Debug|iPhone
		{3FF26A6D-A93A-4E4C-AB43-C748ED751B09}.Debug|iPhone.ActiveCfg = Debug|iPhone
		{3FF26A6D-A93A-4E4C-AB43-C748ED751B09}.Debug|iPhone.Build.0 = Debug|iPhone
		{3FF26A6D-A93A-4E4C-AB43-C748ED751B09}.Debug|iPhone.Deploy.0 = Debug|iPhone
		{3FF26A6D-A93A-4E4C-AB43-C748ED751B09}.Debug|iPhoneSimulator.ActiveCfg = Debug|iPhoneSimulator
		{3FF26A6D-A93A-4E4C-AB43-C748ED751B09}.Debug|iPhoneSimulator.Build.0 = Debug|iPhoneSimulator
		{3FF26A6D-A93A-4E4C-AB43-C748ED751B09}.Debug|iPhoneSimulator.Deploy.0 = Debug|iPhoneSimulator
		{3FF26A6D-A93A-4E4C-AB43-C748ED751B09}.Release|Any CPU.ActiveCfg = Release|iPhoneSimulator
		{3FF26A6D-A93A-4E4C-AB43-C748ED751B09}.Release|Any CPU.Build.0 = Release|iPhoneSimulator
		{3FF26A6D-A93A-4E4C-AB43-C748ED751B09}.Release|Any CPU.Deploy.0 = Release|iPhoneSimulator
		{3FF26A6D-A93A-4E4C-AB43-C748ED751B09}.Release|iPhone.ActiveCfg = Release|iPhone
		{3FF26A6D-A93A-4E4C-AB43-C748ED751B09}.Release|iPhone.Build.0 = Release|iPhone
		{3FF26A6D-A93A-4E4C-AB43-C748ED751B09}.Release|iPhone.Deploy.0 = Release|iPhone
		{3FF26A6D-A93A-4E4C-AB43-C748ED751B09}.Release|iPhoneSimulator.ActiveCfg = Release|iPhoneSimulator
		{3FF26A6D-A93A-4E4C-AB43-C748ED751B09}.Release|iPhoneSimulator.Build.0 = Release|iPhoneSimulator
		{3FF26A6D-A93A-4E4C-AB43-C748ED751B09}.Release|iPhoneSimulator.Deploy.0 = Release|iPhoneSimulator
		{131811F7-DCC0-4C24-B81B-0CD6C1BE4C0B}.Debug|Any CPU.ActiveCfg = Debug|Any CPU
		{131811F7-DCC0-4C24-B81B-0CD6C1BE4C0B}.Debug|Any CPU.Build.0 = Debug|Any CPU
		{131811F7-DCC0-4C24-B81B-0CD6C1BE4C0B}.Debug|Any CPU.Deploy.0 = Debug|Any CPU
		{131811F7-DCC0-4C24-B81B-0CD6C1BE4C0B}.Debug|iPhone.ActiveCfg = Debug|Any CPU
		{131811F7-DCC0-4C24-B81B-0CD6C1BE4C0B}.Debug|iPhone.Build.0 = Debug|Any CPU
		{131811F7-DCC0-4C24-B81B-0CD6C1BE4C0B}.Debug|iPhone.Deploy.0 = Debug|Any CPU
		{131811F7-DCC0-4C24-B81B-0CD6C1BE4C0B}.Debug|iPhoneSimulator.ActiveCfg = Debug|Any CPU
		{131811F7-DCC0-4C24-B81B-0CD6C1BE4C0B}.Debug|iPhoneSimulator.Build.0 = Debug|Any CPU
		{131811F7-DCC0-4C24-B81B-0CD6C1BE4C0B}.Debug|iPhoneSimulator.Deploy.0 = Debug|Any CPU
		{131811F7-DCC0-4C24-B81B-0CD6C1BE4C0B}.Release|Any CPU.ActiveCfg = Release|Any CPU
		{131811F7-DCC0-4C24-B81B-0CD6C1BE4C0B}.Release|Any CPU.Build.0 = Release|Any CPU
		{131811F7-DCC0-4C24-B81B-0CD6C1BE4C0B}.Release|Any CPU.Deploy.0 = Release|Any CPU
		{131811F7-DCC0-4C24-B81B-0CD6C1BE4C0B}.Release|iPhone.ActiveCfg = Release|Any CPU
		{131811F7-DCC0-4C24-B81B-0CD6C1BE4C0B}.Release|iPhone.Build.0 = Release|Any CPU
		{131811F7-DCC0-4C24-B81B-0CD6C1BE4C0B}.Release|iPhone.Deploy.0 = Release|Any CPU
		{131811F7-DCC0-4C24-B81B-0CD6C1BE4C0B}.Release|iPhoneSimulator.ActiveCfg = Release|Any CPU
		{131811F7-DCC0-4C24-B81B-0CD6C1BE4C0B}.Release|iPhoneSimulator.Build.0 = Release|Any CPU
		{131811F7-DCC0-4C24-B81B-0CD6C1BE4C0B}.Release|iPhoneSimulator.Deploy.0 = Release|Any CPU
	EndGlobalSection
	GlobalSection(SolutionProperties) = preSolution
		HideSolutionNode = FALSE
	EndGlobalSection
	GlobalSection(ExtensibilityGlobals) = postSolution
		SolutionGuid = {346E284B-58CF-465E-9AF7-C648A5F09924}
	EndGlobalSection
EndGlobal
